{
  "name": "iscrizione",
  "version": "1.0.0",
  "lockfileVersion": 1,
  "requires": true,
  "dependencies": {
    "angular": {
      "version": "1.7.0",
      "resolved": "https://registry.npmjs.org/angular/-/angular-1.7.0.tgz",
      "integrity": "sha512-3LboCLjrOuC7dWh953O0+dI3dJ7PexYRSCIrfqoN5qoHyja/wak3eWoxPKb2Sl2qwiPbrUV5KJXwgpUQ48McBQ=="
    },
    "axios": {
      "version": "0.16.2",
      "resolved": "https://registry.npmjs.org/axios/-/axios-0.16.2.tgz",
      "integrity": "sha1-uk+S8XFn37q0CYN4VFS5rBScPG0=",
      "requires": {
        "follow-redirects": "^1.2.3",
        "is-buffer": "^1.1.5"
      }
    },
    "bootstrap": {
      "version": "4.1.1",
      "resolved": "https://registry.npmjs.org/bootstrap/-/bootstrap-4.1.1.tgz",
      "integrity": "sha512-SpiDSOcbg4J/PjVSt4ny5eY6j74VbVSjROY4Fb/WIUXBV9cnb5luyR4KnPvNoXuGnBK1T+nJIWqRsvU3yP8Mcg=="
    },
    "debug": {
      "version": "3.1.0",
      "resolved": "https://registry.npmjs.org/debug/-/debug-3.1.0.tgz",
      "integrity": "sha512-OX8XqP7/1a9cqkxYw2yXss15f26NKWBpDXQd0/uK/KPqdQhxbPa994hnzjcE2VqQpDslf55723cKPUOGSmMY3g==",
      "requires": {
        "ms": "2.0.0"
      }
    },
    "directus-sdk-javascript": {
      "version": "2.11.1",
      "resolved": "https://registry.npmjs.org/directus-sdk-javascript/-/directus-sdk-javascript-2.11.1.tgz",
      "integrity": "sha512-FswhX/iwF2ZuDV0hYxOTBw/5TdEqpI3VmRbxmGBt+iAwqBFoRb6gNRqoRmOwGhBgDGj5O1lSYQGGE4Iwe6XobQ==",
      "requires": {
        "axios": "^0.16.2",
        "qs": "^6.5.1"
      }
    },
    "follow-redirects": {
      "version": "1.5.0",
      "resolved": "https://registry.npmjs.org/follow-redirects/-/follow-redirects-1.5.0.tgz",
      "integrity": "sha512-fdrt472/9qQ6Kgjvb935ig6vJCuofpBUD14f9Vb+SLlm7xIe4Qva5gey8EKtv8lp7ahE1wilg3xL1znpVGtZIA==",
      "requires": {
        "debug": "^3.1.0"
      }
    },
    "is-buffer": {
      "version": "1.1.6",
      "resolved": "https://registry.npmjs.org/is-buffer/-/is-buffer-1.1.6.tgz",
      "integrity": "sha512-NcdALwpXkTm5Zvvbk7owOUSvVvBKDgKP5/ewfXEznmQFfs4ZRmanOeKBTjRVjka3QFoN6XJ+9F3USqfHqTaU5w=="
    },
    "ms": {
      "version": "2.0.0",
      "resolved": "https://registry.npmjs.org/ms/-/ms-2.0.0.tgz",
      "integrity": "sha1-VgiurfwAvmwpAd9fmGF4jeDVl8g="
    },
    "qs": {
      "version": "6.5.2",
      "resolved": "https://registry.npmjs.org/qs/-/qs-6.5.2.tgz",
      "integrity": "sha512-N5ZAX4/LxJmF+7wN74pUD6qAh9/wnvdQcjq9TZjevvXzSUo7bfmw91saqMjzGS2xq91/odN2dW/WOl7qQHNDGA=="
    }
  }
}
